{
  "name": "test_engine",
  "version": "1.0.0",
  "lockfileVersion": 3,
  "requires": true,
  "packages": {
    "": {
      "name": "test_engine",
      "version": "1.0.0",
      "license": "ISC",
      "dependencies": {
        "colors": "^1.4.0",
        "json-rules-engine": "^6.3.1",
        "prettier": "^3.0.0"
      }
    },
    "node_modules/clone": {
      "version": "2.1.2",
      "resolved": "https://registry.npmjs.org/clone/-/clone-2.1.2.tgz",
      "integrity": "sha512-3Pe/CF1Nn94hyhIYpjtiLhdCoEoz0DqQ+988E9gmeEdQZlojxnOb74wctFyuwWQHzqyf9X7C7MG8juUpqBJT8w==",
      "engines": {
        "node": ">=0.8"
      }
    },
    "node_modules/colors": {
      "version": "1.4.0",
      "resolved": "https://registry.npmjs.org/colors/-/colors-1.4.0.tgz",
      "integrity": "sha512-a+UqTh4kgZg/SlGvfbzDHpgRu7AAQOmmqRHJnxhRZICKFUT91brVhNNt58CMWU9PsBbv3PDCZUHbVxuDiH2mtA==",
      "engines": {
        "node": ">=0.1.90"
      }
    },
    "node_modules/eventemitter2": {
      "version": "6.4.9",
      "resolved": "https://registry.npmjs.org/eventemitter2/-/eventemitter2-6.4.9.tgz",
      "integrity": "sha512-JEPTiaOt9f04oa6NOkc4aH+nVp5I3wEjpHbIPqfgCdD5v5bUzy7xQqwcVO2aDQgOWhI28da57HksMrzK9HlRxg=="
    },
    "node_modules/hash-it": {
      "version": "6.0.0",
      "resolved": "https://registry.npmjs.org/hash-it/-/hash-it-6.0.0.tgz",
      "integrity": "sha512-KHzmSFx1KwyMPw0kXeeUD752q/Kfbzhy6dAZrjXV9kAIXGqzGvv8vhkUqj+2MGZldTo0IBpw6v7iWE7uxsvH0w=="
    },
    "node_modules/json-rules-engine": {
      "version": "6.3.1",
      "resolved": "https://registry.npmjs.org/json-rules-engine/-/json-rules-engine-6.3.1.tgz",
      "integrity": "sha512-/TV5kQDdCRSbnOPfEsqf9ntVal6lcrEWSd4OWlQZF2x5ieIoavaT3gkc/lBAwwPxziYppoinH+cvUn95yhdGww==",
      "dependencies": {
        "clone": "^2.1.2",
        "eventemitter2": "^6.4.4",
        "hash-it": "^6.0.0",
        "jsonpath-plus": "^7.2.0",
        "lodash.isobjectlike": "^4.0.0"
      }
    },
    "node_modules/jsonpath-plus": {
      "version": "7.2.0",
      "resolved": "https://registry.npmjs.org/jsonpath-plus/-/jsonpath-plus-7.2.0.tgz",
      "integrity": "sha512-zBfiUPM5nD0YZSBT/o/fbCUlCcepMIdP0CJZxM1+KgA4f2T206f6VAg9e7mX35+KlMaIc5qXW34f3BnwJ3w+RA==",
      "engines": {
        "node": ">=12.0.0"
      }
    },
    "node_modules/lodash.isobjectlike": {
      "version": "4.0.0",
      "resolved": "https://registry.npmjs.org/lodash.isobjectlike/-/lodash.isobjectlike-4.0.0.tgz",
      "integrity": "sha512-bbRt0Dief0yqjkTgpvzisSxnsmY3ZgVJvokHL30UE+ytsvnpNfiNaCJL4XBEWek8koQmrwZidBHb7coXC5vXlA=="
    },
    "node_modules/prettier": {
      "version": "3.0.0",
      "resolved": "https://registry.npmjs.org/prettier/-/prettier-3.0.0.tgz",
      "integrity": "sha512-zBf5eHpwHOGPC47h0zrPyNn+eAEIdEzfywMoYn2XPi0P44Zp0tSq64rq0xAREh4auw2cJZHo9QUob+NqCQky4g==",
      "bin": {
        "prettier": "bin/prettier.cjs"
      },
      "engines": {
        "node": ">=14"
      },
      "funding": {
        "url": "https://github.com/prettier/prettier?sponsor=1"
      }
    }
  }
}
